{
    "_readme": [
        "This file locks the dependencies of your project to a known state",
        "Read more about it at https://getcomposer.org/doc/01-basic-usage.md#installing-dependencies",
        "This file is @generated automatically"
    ],
    "content-hash": "775cfe4c307c753491cb1b838ceaada5",
    "packages": [
        {
            "name": "magicoli/wp-package-updater-lib",
            "version": "dev-master",
            "source": {
                "type": "git",
                "url": "https://github.com/magicoli/wp-package-updater-lib.git",
                "reference": "e95ea71e8a10b859856a1e7ec43029b17047cb31"
            },
            "dist": {
                "type": "zip",
                "url": "https://api.github.com/repos/magicoli/wp-package-updater-lib/zipball/e95ea71e8a10b859856a1e7ec43029b17047cb31",
                "reference": "e95ea71e8a10b859856a1e7ec43029b17047cb31",
                "shasum": ""
            },
            "require-dev": {
                "froger-me/wp-plugin-update-server": "*"
            },
            "default-branch": true,
            "type": "library",
            "notification-url": "https://packagist.org/downloads/",
            "license": [
                "AGPL-3.0-or-later"
            ],
            "authors": [
                {
                    "name": "Magiiic"
                }
            ],
            "description": "Composer package for wp-package-updater library.",
            "support": {
                "issues": "https://github.com/magicoli/wp-package-updater-lib/issues",
                "source": "https://github.com/magicoli/wp-package-updater-lib/tree/v0.1.7"
            },
            "time": "2023-06-08T00:11:30+00:00"
        }
    ],
    "packages-dev": [],
    "aliases": [],
    "minimum-stability": "stable",
    "stability-flags": {
        "magicoli/wp-package-updater-lib": 20
    },
    "prefer-stable": false,
    "prefer-lowest": false,
    "platform": [],
    "platform-dev": [],
    "plugin-api-version": "2.3.0"
}
