{
    "_readme": [
        "This file locks the dependencies of your project to a known state",
        "Read more about it at https://getcomposer.org/doc/01-basic-usage.md#installing-dependencies",
        "This file is @generated automatically"
    ],
    "content-hash": "217f60a23391aa853ab393b0ef5844f4",
    "packages": [
        {
            "name": "magicoli/wp-package-updater-lib",
            "version": "v0.1.4",
            "source": {
                "type": "git",
                "url": "https://github.com/magicoli/wp-package-updater-lib.git",
                "reference": "9aa30097473986dbbebae64ad86aae521c065973"
            },
            "dist": {
                "type": "zip",
                "url": "https://api.github.com/repos/magicoli/wp-package-updater-lib/zipball/9aa30097473986dbbebae64ad86aae521c065973",
                "reference": "9aa30097473986dbbebae64ad86aae521c065973",
                "shasum": ""
            },
            "require-dev": {
                "froger-me/wp-plugin-update-server": "*"
            },
            "type": "library",
            "autoload": {
                "psr-4": {
                    "MagicOli\\WpPackageUpdaterLib\\": "build"
                }
            },
            "notification-url": "https://packagist.org/downloads/",
            "license": [
                "AGPL-3.0-or-later"
            ],
            "authors": [
                {
                    "name": "Magiiic"
                }
            ],
            "description": "Composer package for wp-package-updater library.",
            "support": {
                "issues": "https://github.com/magicoli/wp-package-updater-lib/issues",
                "source": "https://github.com/magicoli/wp-package-updater-lib/tree/v0.1.4"
            },
            "time": "2023-06-07T18:07:42+00:00"
        }
    ],
    "packages-dev": [],
    "aliases": [],
    "minimum-stability": "stable",
    "stability-flags": [],
    "prefer-stable": false,
    "prefer-lowest": false,
    "platform": [],
    "platform-dev": [],
    "plugin-api-version": "2.3.0"
}
